PODS:
  - SDWebImage (5.12.2):
    - SDWebImage/Core (= 5.12.2)
  - SDWebImage/Core (5.12.2)
  - Wormholy (1.6.5)

DEPENDENCIES:
  - SDWebImage
  - Wormholy

SPEC REPOS:
  trunk:
    - SDWebImage
    - Wormholy

SPEC CHECKSUMS:
  SDWebImage: 240e5c12b592fb1268c1d03b8c90d90e8c2ffe82
  Wormholy: 3252bc3e55a1847ef9a0976c1377bd77bf3635fa

PODFILE CHECKSUM: 1bc39c41e1650f1b360a8ebb6d0de4bbf3e23738

COCOAPODS: 1.11.2
